
Microsoft Visual Studio Solution File, Format Version 12.00
# Visual Studio 15
VisualStudioVersion = 15.0.26430.16
MinimumVisualStudioVersion = 10.0.40219.1
Project("{FAE04EC0-301F-11D3-BF4B-00C04F79EFBC}") = "CTAWrapper", "CTAWrapper\CTAWrapper.csproj", "{D1E71E94-034A-441C-8C69-CE70EC74A842}"
EndProject
Project("{FAE04EC0-301F-11D3-BF4B-00C04F79EFBC}") = "CTAWrapperTest", "CTAWrapperTest\CTAWrapperTest.csproj", "{67447CF9-53CB-425C-A794-25702CDFDD8B}"
EndProject
Global
	GlobalSection(SolutionConfigurationPlatforms) = preSolution
		Debug|Any CPU = Debug|Any CPU
		Release|Any CPU = Release|Any CPU
	EndGlobalSection
	GlobalSection(ProjectConfigurationPlatforms) = postSolution
		{D1E71E94-034A-441C-8C69-CE70EC74A842}.Debug|Any CPU.ActiveCfg = Debug|Any CPU
		{D1E71E94-034A-441C-8C69-CE70EC74A842}.Debug|Any CPU.Build.0 = Debug|Any CPU
		{D1E71E94-034A-441C-8C69-CE70EC74A842}.Release|Any CPU.ActiveCfg = Release|Any CPU
		{D1E71E94-034A-441C-8C69-CE70EC74A842}.Release|Any CPU.Build.0 = Release|Any CPU
		{67447CF9-53CB-425C-A794-25702CDFDD8B}.Debug|Any CPU.ActiveCfg = Debug|Any CPU
		{67447CF9-53CB-425C-A794-25702CDFDD8B}.Debug|Any CPU.Build.0 = Debug|Any CPU
		{67447CF9-53CB-425C-A794-25702CDFDD8B}.Release|Any CPU.ActiveCfg = Release|Any CPU
		{67447CF9-53CB-425C-A794-25702CDFDD8B}.Release|Any CPU.Build.0 = Release|Any CPU
	EndGlobalSection
	GlobalSection(SolutionProperties) = preSolution
		HideSolutionNode = FALSE
	EndGlobalSection
EndGlobal
