
Microsoft Visual Studio Solution File, Format Version 12.00
# Visual Studio 15
VisualStudioVersion = 15.0.26430.16
MinimumVisualStudioVersion = 10.0.40219.1
Project("{8BC9CEB8-8B4A-11D0-8D11-00A0C91BC942}") = "CTPMarketCppWrapper", "CTPMarketCppWrapper\CTPMarketCppWrapper.vcxproj", "{9278CAFC-89E9-40B9-B32D-7F8A535343F7}"
EndProject
Project("{FAE04EC0-301F-11D3-BF4B-00C04F79EFBC}") = "CTPMarketCSharpWrapper", "CTPMarketCSharpWrapper\CTPMarketCSharpWrapper.csproj", "{74D7A3B0-1D48-4C25-96A8-2F6F2A2EF3B2}"
EndProject
Project("{FAE04EC0-301F-11D3-BF4B-00C04F79EFBC}") = "CTPMarketTest", "CTPMarketTest\CTPMarketTest.csproj", "{656E3408-B894-4507-B254-9E6CD3317749}"
EndProject
Global
	GlobalSection(SolutionConfigurationPlatforms) = preSolution
		Debug|Any CPU = Debug|Any CPU
		Debug|x64 = Debug|x64
		Debug|x86 = Debug|x86
		Release|Any CPU = Release|Any CPU
		Release|x64 = Release|x64
		Release|x86 = Release|x86
	EndGlobalSection
	GlobalSection(ProjectConfigurationPlatforms) = postSolution
		{9278CAFC-89E9-40B9-B32D-7F8A535343F7}.Debug|Any CPU.ActiveCfg = Debug|Win32
		{9278CAFC-89E9-40B9-B32D-7F8A535343F7}.Debug|x64.ActiveCfg = Debug|x64
		{9278CAFC-89E9-40B9-B32D-7F8A535343F7}.Debug|x64.Build.0 = Debug|x64
		{9278CAFC-89E9-40B9-B32D-7F8A535343F7}.Debug|x86.ActiveCfg = Debug|Win32
		{9278CAFC-89E9-40B9-B32D-7F8A535343F7}.Debug|x86.Build.0 = Debug|Win32
		{9278CAFC-89E9-40B9-B32D-7F8A535343F7}.Release|Any CPU.ActiveCfg = Release|Win32
		{9278CAFC-89E9-40B9-B32D-7F8A535343F7}.Release|x64.ActiveCfg = Release|x64
		{9278CAFC-89E9-40B9-B32D-7F8A535343F7}.Release|x64.Build.0 = Release|x64
		{9278CAFC-89E9-40B9-B32D-7F8A535343F7}.Release|x86.ActiveCfg = Release|Win32
		{9278CAFC-89E9-40B9-B32D-7F8A535343F7}.Release|x86.Build.0 = Release|Win32
		{74D7A3B0-1D48-4C25-96A8-2F6F2A2EF3B2}.Debug|Any CPU.ActiveCfg = Debug|Any CPU
		{74D7A3B0-1D48-4C25-96A8-2F6F2A2EF3B2}.Debug|Any CPU.Build.0 = Debug|Any CPU
		{74D7A3B0-1D48-4C25-96A8-2F6F2A2EF3B2}.Debug|x64.ActiveCfg = Debug|Any CPU
		{74D7A3B0-1D48-4C25-96A8-2F6F2A2EF3B2}.Debug|x64.Build.0 = Debug|Any CPU
		{74D7A3B0-1D48-4C25-96A8-2F6F2A2EF3B2}.Debug|x86.ActiveCfg = Debug|Any CPU
		{74D7A3B0-1D48-4C25-96A8-2F6F2A2EF3B2}.Debug|x86.Build.0 = Debug|Any CPU
		{74D7A3B0-1D48-4C25-96A8-2F6F2A2EF3B2}.Release|Any CPU.ActiveCfg = Release|Any CPU
		{74D7A3B0-1D48-4C25-96A8-2F6F2A2EF3B2}.Release|Any CPU.Build.0 = Release|Any CPU
		{74D7A3B0-1D48-4C25-96A8-2F6F2A2EF3B2}.Release|x64.ActiveCfg = Release|Any CPU
		{74D7A3B0-1D48-4C25-96A8-2F6F2A2EF3B2}.Release|x64.Build.0 = Release|Any CPU
		{74D7A3B0-1D48-4C25-96A8-2F6F2A2EF3B2}.Release|x86.ActiveCfg = Release|Any CPU
		{74D7A3B0-1D48-4C25-96A8-2F6F2A2EF3B2}.Release|x86.Build.0 = Release|Any CPU
		{656E3408-B894-4507-B254-9E6CD3317749}.Debug|Any CPU.ActiveCfg = Debug|Any CPU
		{656E3408-B894-4507-B254-9E6CD3317749}.Debug|Any CPU.Build.0 = Debug|Any CPU
		{656E3408-B894-4507-B254-9E6CD3317749}.Debug|x64.ActiveCfg = Debug|Any CPU
		{656E3408-B894-4507-B254-9E6CD3317749}.Debug|x64.Build.0 = Debug|Any CPU
		{656E3408-B894-4507-B254-9E6CD3317749}.Debug|x86.ActiveCfg = Debug|Any CPU
		{656E3408-B894-4507-B254-9E6CD3317749}.Debug|x86.Build.0 = Debug|Any CPU
		{656E3408-B894-4507-B254-9E6CD3317749}.Release|Any CPU.ActiveCfg = Release|Any CPU
		{656E3408-B894-4507-B254-9E6CD3317749}.Release|Any CPU.Build.0 = Release|Any CPU
		{656E3408-B894-4507-B254-9E6CD3317749}.Release|x64.ActiveCfg = Release|Any CPU
		{656E3408-B894-4507-B254-9E6CD3317749}.Release|x64.Build.0 = Release|Any CPU
		{656E3408-B894-4507-B254-9E6CD3317749}.Release|x86.ActiveCfg = Release|Any CPU
		{656E3408-B894-4507-B254-9E6CD3317749}.Release|x86.Build.0 = Release|Any CPU
	EndGlobalSection
	GlobalSection(SolutionProperties) = preSolution
		HideSolutionNode = FALSE
	EndGlobalSection
EndGlobal
